{
  "version": 4,
  "terraform_version": "1.9.6",
  "serial": 1,
  "lineage": "a3bbc54d-bac3-6b01-0d84-c239ffde0218",
  "outputs": {
    "azure_storage_account": {
      "value": "tfsenegalprod",
      "type": "string"
    }
  },
  "resources": [
    {
      "mode": "managed",
      "type": "azurerm_resource_group",
      "name": "resource_group",
      "provider": "provider[\"registry.terraform.io/hashicorp/azurerm\"]",
      "instances": [
        {
          "schema_version": 0,
          "attributes": {
            "id": "/subscriptions/e2ac6578-a64e-4ce1-ac20-269864032cdf/resourceGroups/azure-senegal-prod",
            "location": "southafricanorth",
            "managed_by": "",
            "name": "azure-senegal-prod",
            "tags": {
              "environment": "azure-senegal-prod"
            },
            "timeouts": null
          },
          "sensitive_attributes": [],
          "private": "eyJlMmJmYjczMC1lY2FhLTExZTYtOGY4OC0zNDM2M2JjN2M0YzAiOnsiY3JlYXRlIjo1NDAwMDAwMDAwMDAwLCJkZWxldGUiOjU0MDAwMDAwMDAwMDAsInJlYWQiOjMwMDAwMDAwMDAwMCwidXBkYXRlIjo1NDAwMDAwMDAwMDAwfX0="
        }
      ]
    }
  ],
  "check_results": null
}
